// !$*UTF8*$!
{
	archiveVersion = 1;
	classes = {
	};
	objectVersion = 56;
	objects = {

/* Begin PBXBuildFile section */
		20C21B3E2A11684800E6D8E1 /* TwitterSwiftUICloneApp.swift in Sources */ = {isa = PBXBuildFile; fileRef = 20C21B3D2A11684800E6D8E1 /* TwitterSwiftUICloneApp.swift */; };
		20C21B402A11684800E6D8E1 /* ContentView.swift in Sources */ = {isa = PBXBuildFile; fileRef = 20C21B3F2A11684800E6D8E1 /* ContentView.swift */; };
		20C21B422A11684900E6D8E1 /* Assets.xcassets in Resources */ = {isa = PBXBuildFile; fileRef = 20C21B412A11684900E6D8E1 /* Assets.xcassets */; };
		20C21B452A11684900E6D8E1 /* Preview Assets.xcassets in Resources */ = {isa = PBXBuildFile; fileRef = 20C21B442A11684900E6D8E1 /* Preview Assets.xcassets */; };
		20C21B542A11698F00E6D8E1 /* FeedView.swift in Sources */ = {isa = PBXBuildFile; fileRef = 20C21B532A11698F00E6D8E1 /* FeedView.swift */; };
		20C21B572A116A5900E6D8E1 /* TweetRowView.swift in Sources */ = {isa = PBXBuildFile; fileRef = 20C21B562A116A5900E6D8E1 /* TweetRowView.swift */; };
		20C21B5A2A1170D200E6D8E1 /* MainTabView.swift in Sources */ = {isa = PBXBuildFile; fileRef = 20C21B592A1170D200E6D8E1 /* MainTabView.swift */; };
		20C21B602A11727600E6D8E1 /* ExploreView.swift in Sources */ = {isa = PBXBuildFile; fileRef = 20C21B5F2A11727600E6D8E1 /* ExploreView.swift */; };
		20C21B622A11729B00E6D8E1 /* NotificationsView.swift in Sources */ = {isa = PBXBuildFile; fileRef = 20C21B612A11729B00E6D8E1 /* NotificationsView.swift */; };
		20C21B642A1172C000E6D8E1 /* MessagesView.swift in Sources */ = {isa = PBXBuildFile; fileRef = 20C21B632A1172C000E6D8E1 /* MessagesView.swift */; };
/* End PBXBuildFile section */

/* Begin PBXFileReference section */
		20C21B3A2A11684800E6D8E1 /* TwitterSwiftUIClone.app */ = {isa = PBXFileReference; explicitFileType = wrapper.application; includeInIndex = 0; path = TwitterSwiftUIClone.app; sourceTree = BUILT_PRODUCTS_DIR; };
		20C21B3D2A11684800E6D8E1 /* TwitterSwiftUICloneApp.swift */ = {isa = PBXFileReference; lastKnownFileType = sourcecode.swift; path = TwitterSwiftUICloneApp.swift; sourceTree = "<group>"; };
		20C21B3F2A11684800E6D8E1 /* ContentView.swift */ = {isa = PBXFileReference; lastKnownFileType = sourcecode.swift; path = ContentView.swift; sourceTree = "<group>"; };
		20C21B412A11684900E6D8E1 /* Assets.xcassets */ = {isa = PBXFileReference; lastKnownFileType = folder.assetcatalog; path = Assets.xcassets; sourceTree = "<group>"; };
		20C21B442A11684900E6D8E1 /* Preview Assets.xcassets */ = {isa = PBXFileReference; lastKnownFileType = folder.assetcatalog; path = "Preview Assets.xcassets"; sourceTree = "<group>"; };
		20C21B532A11698F00E6D8E1 /* FeedView.swift */ = {isa = PBXFileReference; lastKnownFileType = sourcecode.swift; path = FeedView.swift; sourceTree = "<group>"; };
		20C21B562A116A5900E6D8E1 /* TweetRowView.swift */ = {isa = PBXFileReference; lastKnownFileType = sourcecode.swift; path = TweetRowView.swift; sourceTree = "<group>"; };
		20C21B592A1170D200E6D8E1 /* MainTabView.swift */ = {isa = PBXFileReference; lastKnownFileType = sourcecode.swift; path = MainTabView.swift; sourceTree = "<group>"; };
		20C21B5F2A11727600E6D8E1 /* ExploreView.swift */ = {isa = PBXFileReference; lastKnownFileType = sourcecode.swift; path = ExploreView.swift; sourceTree = "<group>"; };
		20C21B612A11729B00E6D8E1 /* NotificationsView.swift */ = {isa = PBXFileReference; lastKnownFileType = sourcecode.swift; path = NotificationsView.swift; sourceTree = "<group>"; };
		20C21B632A1172C000E6D8E1 /* MessagesView.swift */ = {isa = PBXFileReference; lastKnownFileType = sourcecode.swift; path = MessagesView.swift; sourceTree = "<group>"; };
/* End PBXFileReference section */

/* Begin PBXFrameworksBuildPhase section */
		20C21B372A11684800E6D8E1 /* Frameworks */ = {
			isa = PBXFrameworksBuildPhase;
			buildActionMask = 2147483647;
			files = (
			);
			runOnlyForDeploymentPostprocessing = 0;
		};
/* End PBXFrameworksBuildPhase section */

/* Begin PBXGroup section */
		20C21B312A11684800E6D8E1 = {
			isa = PBXGroup;
			children = (
				20C21B3C2A11684800E6D8E1 /* TwitterSwiftUIClone */,
				20C21B3B2A11684800E6D8E1 /* Products */,
			);
			sourceTree = "<group>";
		};
		20C21B3B2A11684800E6D8E1 /* Products */ = {
			isa = PBXGroup;
			children = (
				20C21B3A2A11684800E6D8E1 /* TwitterSwiftUIClone.app */,
			);
			name = Products;
			sourceTree = "<group>";
		};
		20C21B3C2A11684800E6D8E1 /* TwitterSwiftUIClone */ = {
			isa = PBXGroup;
			children = (
				20C21B4E2A1168D500E6D8E1 /* Extensions */,
				20C21B4D2A1168D300E6D8E1 /* Service */,
				20C21B4B2A1168CD00E6D8E1 /* Model */,
				20C21B4C2A1168D000E6D8E1 /* Core */,
				20C21B3D2A11684800E6D8E1 /* TwitterSwiftUICloneApp.swift */,
				20C21B3F2A11684800E6D8E1 /* ContentView.swift */,
				20C21B412A11684900E6D8E1 /* Assets.xcassets */,
				20C21B432A11684900E6D8E1 /* Preview Content */,
			);
			path = TwitterSwiftUIClone;
			sourceTree = "<group>";
		};
		20C21B432A11684900E6D8E1 /* Preview Content */ = {
			isa = PBXGroup;
			children = (
				20C21B442A11684900E6D8E1 /* Preview Assets.xcassets */,
			);
			path = "Preview Content";
			sourceTree = "<group>";
		};
		20C21B4B2A1168CD00E6D8E1 /* Model */ = {
			isa = PBXGroup;
			children = (
			);
			path = Model;
			sourceTree = "<group>";
		};
		20C21B4C2A1168D000E6D8E1 /* Core */ = {
			isa = PBXGroup;
			children = (
				20C21B4F2A11692E00E6D8E1 /* Components */,
				20C21B5E2A11724400E6D8E1 /* Profile */,
				20C21B5D2A11722B00E6D8E1 /* Messages */,
				20C21B5C2A11722300E6D8E1 /* Notifications */,
				20C21B5B2A11720400E6D8E1 /* Explore */,
				20C21B582A1170BD00E6D8E1 /* Main Tab */,
				20C21B502A11693800E6D8E1 /* Feed */,
			);
			path = Core;
			sourceTree = "<group>";
		};
		20C21B4D2A1168D300E6D8E1 /* Service */ = {
			isa = PBXGroup;
			children = (
			);
			path = Service;
			sourceTree = "<group>";
		};
		20C21B4E2A1168D500E6D8E1 /* Extensions */ = {
			isa = PBXGroup;
			children = (
			);
			path = Extensions;
			sourceTree = "<group>";
		};
		20C21B4F2A11692E00E6D8E1 /* Components */ = {
			isa = PBXGroup;
			children = (
				20C21B552A116A2D00E6D8E1 /* Tweets */,
			);
			path = Components;
			sourceTree = "<group>";
		};
		20C21B502A11693800E6D8E1 /* Feed */ = {
			isa = PBXGroup;
			children = (
				20C21B522A11697F00E6D8E1 /* View */,
				20C21B512A11697400E6D8E1 /* ViewModels */,
			);
			path = Feed;
			sourceTree = "<group>";
		};
		20C21B512A11697400E6D8E1 /* ViewModels */ = {
			isa = PBXGroup;
			children = (
			);
			path = ViewModels;
			sourceTree = "<group>";
		};
		20C21B522A11697F00E6D8E1 /* View */ = {
			isa = PBXGroup;
			children = (
				20C21B532A11698F00E6D8E1 /* FeedView.swift */,
			);
			path = View;
			sourceTree = "<group>";
		};
		20C21B552A116A2D00E6D8E1 /* Tweets */ = {
			isa = PBXGroup;
			children = (
				20C21B562A116A5900E6D8E1 /* TweetRowView.swift */,
			);
			path = Tweets;
			sourceTree = "<group>";
		};
		20C21B582A1170BD00E6D8E1 /* Main Tab */ = {
			isa = PBXGroup;
			children = (
				20C21B592A1170D200E6D8E1 /* MainTabView.swift */,
			);
			path = "Main Tab";
			sourceTree = "<group>";
		};
		20C21B5B2A11720400E6D8E1 /* Explore */ = {
			isa = PBXGroup;
			children = (
				20C21B5F2A11727600E6D8E1 /* ExploreView.swift */,
			);
			path = Explore;
			sourceTree = "<group>";
		};
		20C21B5C2A11722300E6D8E1 /* Notifications */ = {
			isa = PBXGroup;
			children = (
				20C21B612A11729B00E6D8E1 /* NotificationsView.swift */,
			);
			path = Notifications;
			sourceTree = "<group>";
		};
		20C21B5D2A11722B00E6D8E1 /* Messages */ = {
			isa = PBXGroup;
			children = (
				20C21B632A1172C000E6D8E1 /* MessagesView.swift */,
			);
			path = Messages;
			sourceTree = "<group>";
		};
		20C21B5E2A11724400E6D8E1 /* Profile */ = {
			isa = PBXGroup;
			children = (
			);
			path = Profile;
			sourceTree = "<group>";
		};
/* End PBXGroup section */

/* Begin PBXNativeTarget section */
		20C21B392A11684800E6D8E1 /* TwitterSwiftUIClone */ = {
			isa = PBXNativeTarget;
			buildConfigurationList = 20C21B482A11684900E6D8E1 /* Build configuration list for PBXNativeTarget "TwitterSwiftUIClone" */;
			buildPhases = (
				20C21B362A11684800E6D8E1 /* Sources */,
				20C21B372A11684800E6D8E1 /* Frameworks */,
				20C21B382A11684800E6D8E1 /* Resources */,
			);
			buildRules = (
			);
			dependencies = (
			);
			name = TwitterSwiftUIClone;
			productName = TwitterSwiftUIClone;
			productReference = 20C21B3A2A11684800E6D8E1 /* TwitterSwiftUIClone.app */;
			productType = "com.apple.product-type.application";
		};
/* End PBXNativeTarget section */

/* Begin PBXProject section */
		20C21B322A11684800E6D8E1 /* Project object */ = {
			isa = PBXProject;
			attributes = {
				BuildIndependentTargetsInParallel = 1;
				LastSwiftUpdateCheck = 1430;
				LastUpgradeCheck = 1430;
				TargetAttributes = {
					20C21B392A11684800E6D8E1 = {
						CreatedOnToolsVersion = 14.3;
					};
				};
			};
			buildConfigurationList = 20C21B352A11684800E6D8E1 /* Build configuration list for PBXProject "TwitterSwiftUIClone" */;
			compatibilityVersion = "Xcode 14.0";
			developmentRegion = en;
			hasScannedForEncodings = 0;
			knownRegions = (
				en,
				Base,
			);
			mainGroup = 20C21B312A11684800E6D8E1;
			productRefGroup = 20C21B3B2A11684800E6D8E1 /* Products */;
			projectDirPath = "";
			projectRoot = "";
			targets = (
				20C21B392A11684800E6D8E1 /* TwitterSwiftUIClone */,
			);
		};
/* End PBXProject section */

/* Begin PBXResourcesBuildPhase section */
		20C21B382A11684800E6D8E1 /* Resources */ = {
			isa = PBXResourcesBuildPhase;
			buildActionMask = 2147483647;
			files = (
				20C21B452A11684900E6D8E1 /* Preview Assets.xcassets in Resources */,
				20C21B422A11684900E6D8E1 /* Assets.xcassets in Resources */,
			);
			runOnlyForDeploymentPostprocessing = 0;
		};
/* End PBXResourcesBuildPhase section */

/* Begin PBXSourcesBuildPhase section */
		20C21B362A11684800E6D8E1 /* Sources */ = {
			isa = PBXSourcesBuildPhase;
			buildActionMask = 2147483647;
			files = (
				20C21B642A1172C000E6D8E1 /* MessagesView.swift in Sources */,
				20C21B402A11684800E6D8E1 /* ContentView.swift in Sources */,
				20C21B572A116A5900E6D8E1 /* TweetRowView.swift in Sources */,
				20C21B542A11698F00E6D8E1 /* FeedView.swift in Sources */,
				20C21B3E2A11684800E6D8E1 /* TwitterSwiftUICloneApp.swift in Sources */,
				20C21B602A11727600E6D8E1 /* ExploreView.swift in Sources */,
				20C21B5A2A1170D200E6D8E1 /* MainTabView.swift in Sources */,
				20C21B622A11729B00E6D8E1 /* NotificationsView.swift in Sources */,
			);
			runOnlyForDeploymentPostprocessing = 0;
		};
/* End PBXSourcesBuildPhase section */

/* Begin XCBuildConfiguration section */
		20C21B462A11684900E6D8E1 /* Debug */ = {
			isa = XCBuildConfiguration;
			buildSettings = {
				ALWAYS_SEARCH_USER_PATHS = NO;
				CLANG_ANALYZER_NONNULL = YES;
				CLANG_ANALYZER_NUMBER_OBJECT_CONVERSION = YES_AGGRESSIVE;
				CLANG_CXX_LANGUAGE_STANDARD = "gnu++20";
				CLANG_ENABLE_MODULES = YES;
				CLANG_ENABLE_OBJC_ARC = YES;
				CLANG_ENABLE_OBJC_WEAK = YES;
				CLANG_WARN_BLOCK_CAPTURE_AUTORELEASING = YES;
				CLANG_WARN_BOOL_CONVERSION = YES;
				CLANG_WARN_COMMA = YES;
				CLANG_WARN_CONSTANT_CONVERSION = YES;
				CLANG_WARN_DEPRECATED_OBJC_IMPLEMENTATIONS = YES;
				CLANG_WARN_DIRECT_OBJC_ISA_USAGE = YES_ERROR;
				CLANG_WARN_DOCUMENTATION_COMMENTS = YES;
				CLANG_WARN_EMPTY_BODY = YES;
				CLANG_WARN_ENUM_CONVERSION = YES;
				CLANG_WARN_INFINITE_RECURSION = YES;
				CLANG_WARN_INT_CONVERSION = YES;
				CLANG_WARN_NON_LITERAL_NULL_CONVERSION = YES;
				CLANG_WARN_OBJC_IMPLICIT_RETAIN_SELF = YES;
				CLANG_WARN_OBJC_LITERAL_CONVERSION = YES;
				CLANG_WARN_OBJC_ROOT_CLASS = YES_ERROR;
				CLANG_WARN_QUOTED_INCLUDE_IN_FRAMEWORK_HEADER = YES;
				CLANG_WARN_RANGE_LOOP_ANALYSIS = YES;
				CLANG_WARN_STRICT_PROTOTYPES = YES;
				CLANG_WARN_SUSPICIOUS_MOVE = YES;
				CLANG_WARN_UNGUARDED_AVAILABILITY = YES_AGGRESSIVE;
				CLANG_WARN_UNREACHABLE_CODE = YES;
				CLANG_WARN__DUPLICATE_METHOD_MATCH = YES;
				COPY_PHASE_STRIP = NO;
				DEBUG_INFORMATION_FORMAT = dwarf;
				ENABLE_STRICT_OBJC_MSGSEND = YES;
				ENABLE_TESTABILITY = YES;
				GCC_C_LANGUAGE_STANDARD = gnu11;
				GCC_DYNAMIC_NO_PIC = NO;
				GCC_NO_COMMON_BLOCKS = YES;
				GCC_OPTIMIZATION_LEVEL = 0;
				GCC_PREPROCESSOR_DEFINITIONS = (
					"DEBUG=1",
					"$(inherited)",
				);
				GCC_WARN_64_TO_32_BIT_CONVERSION = YES;
				GCC_WARN_ABOUT_RETURN_TYPE = YES_ERROR;
				GCC_WARN_UNDECLARED_SELECTOR = YES;
				GCC_WARN_UNINITIALIZED_AUTOS = YES_AGGRESSIVE;
				GCC_WARN_UNUSED_FUNCTION = YES;
				GCC_WARN_UNUSED_VARIABLE = YES;
				IPHONEOS_DEPLOYMENT_TARGET = 16.4;
				MTL_ENABLE_DEBUG_INFO = INCLUDE_SOURCE;
				MTL_FAST_MATH = YES;
				ONLY_ACTIVE_ARCH = YES;
				SDKROOT = iphoneos;
				SWIFT_ACTIVE_COMPILATION_CONDITIONS = DEBUG;
				SWIFT_OPTIMIZATION_LEVEL = "-Onone";
			};
			name = Debug;
		};
		20C21B472A11684900E6D8E1 /* Release */ = {
			isa = XCBuildConfiguration;
			buildSettings = {
				ALWAYS_SEARCH_USER_PATHS = NO;
				CLANG_ANALYZER_NONNULL = YES;
				CLANG_ANALYZER_NUMBER_OBJECT_CONVERSION = YES_AGGRESSIVE;
				CLANG_CXX_LANGUAGE_STANDARD = "gnu++20";
				CLANG_ENABLE_MODULES = YES;
				CLANG_ENABLE_OBJC_ARC = YES;
				CLANG_ENABLE_OBJC_WEAK = YES;
				CLANG_WARN_BLOCK_CAPTURE_AUTORELEASING = YES;
				CLANG_WARN_BOOL_CONVERSION = YES;
				CLANG_WARN_COMMA = YES;
				CLANG_WARN_CONSTANT_CONVERSION = YES;
				CLANG_WARN_DEPRECATED_OBJC_IMPLEMENTATIONS = YES;
				CLANG_WARN_DIRECT_OBJC_ISA_USAGE = YES_ERROR;
				CLANG_WARN_DOCUMENTATION_COMMENTS = YES;
				CLANG_WARN_EMPTY_BODY = YES;
				CLANG_WARN_ENUM_CONVERSION = YES;
				CLANG_WARN_INFINITE_RECURSION = YES;
				CLANG_WARN_INT_CONVERSION = YES;
				CLANG_WARN_NON_LITERAL_NULL_CONVERSION = YES;
				CLANG_WARN_OBJC_IMPLICIT_RETAIN_SELF = YES;
				CLANG_WARN_OBJC_LITERAL_CONVERSION = YES;
				CLANG_WARN_OBJC_ROOT_CLASS = YES_ERROR;
				CLANG_WARN_QUOTED_INCLUDE_IN_FRAMEWORK_HEADER = YES;
				CLANG_WARN_RANGE_LOOP_ANALYSIS = YES;
				CLANG_WARN_STRICT_PROTOTYPES = YES;
				CLANG_WARN_SUSPICIOUS_MOVE = YES;
				CLANG_WARN_UNGUARDED_AVAILABILITY = YES_AGGRESSIVE;
				CLANG_WARN_UNREACHABLE_CODE = YES;
				CLANG_WARN__DUPLICATE_METHOD_MATCH = YES;
				COPY_PHASE_STRIP = NO;
				DEBUG_INFORMATION_FORMAT = "dwarf-with-dsym";
				ENABLE_NS_ASSERTIONS = NO;
				ENABLE_STRICT_OBJC_MSGSEND = YES;
				GCC_C_LANGUAGE_STANDARD = gnu11;
				GCC_NO_COMMON_BLOCKS = YES;
				GCC_WARN_64_TO_32_BIT_CONVERSION = YES;
				GCC_WARN_ABOUT_RETURN_TYPE = YES_ERROR;
				GCC_WARN_UNDECLARED_SELECTOR = YES;
				GCC_WARN_UNINITIALIZED_AUTOS = YES_AGGRESSIVE;
				GCC_WARN_UNUSED_FUNCTION = YES;
				GCC_WARN_UNUSED_VARIABLE = YES;
				IPHONEOS_DEPLOYMENT_TARGET = 16.4;
				MTL_ENABLE_DEBUG_INFO = NO;
				MTL_FAST_MATH = YES;
				SDKROOT = iphoneos;
				SWIFT_COMPILATION_MODE = wholemodule;
				SWIFT_OPTIMIZATION_LEVEL = "-O";
				VALIDATE_PRODUCT = YES;
			};
			name = Release;
		};
		20C21B492A11684900E6D8E1 /* Debug */ = {
			isa = XCBuildConfiguration;
			buildSettings = {
				ASSETCATALOG_COMPILER_APPICON_NAME = AppIcon;
				ASSETCATALOG_COMPILER_GLOBAL_ACCENT_COLOR_NAME = AccentColor;
				CODE_SIGN_STYLE = Automatic;
				CURRENT_PROJECT_VERSION = 1;
				DEVELOPMENT_ASSET_PATHS = "\"TwitterSwiftUIClone/Preview Content\"";
				ENABLE_PREVIEWS = YES;
				GENERATE_INFOPLIST_FILE = YES;
				INFOPLIST_KEY_UIApplicationSceneManifest_Generation = YES;
				INFOPLIST_KEY_UIApplicationSupportsIndirectInputEvents = YES;
				INFOPLIST_KEY_UILaunchScreen_Generation = YES;
				INFOPLIST_KEY_UISupportedInterfaceOrientations_iPad = "UIInterfaceOrientationPortrait UIInterfaceOrientationPortraitUpsideDown UIInterfaceOrientationLandscapeLeft UIInterfaceOrientationLandscapeRight";
				INFOPLIST_KEY_UISupportedInterfaceOrientations_iPhone = "UIInterfaceOrientationPortrait UIInterfaceOrientationLandscapeLeft UIInterfaceOrientationLandscapeRight";
				LD_RUNPATH_SEARCH_PATHS = (
					"$(inherited)",
					"@executable_path/Frameworks",
				);
				MARKETING_VERSION = 1.0;
				PRODUCT_BUNDLE_IDENTIFIER = com.tanercelik.TwitterSwiftUIClone;
				PRODUCT_NAME = "$(TARGET_NAME)";
				SWIFT_EMIT_LOC_STRINGS = YES;
				SWIFT_VERSION = 5.0;
				TARGETED_DEVICE_FAMILY = "1,2";
			};
			name = Debug;
		};
		20C21B4A2A11684900E6D8E1 /* Release */ = {
			isa = XCBuildConfiguration;
			buildSettings = {
				ASSETCATALOG_COMPILER_APPICON_NAME = AppIcon;
				ASSETCATALOG_COMPILER_GLOBAL_ACCENT_COLOR_NAME = AccentColor;
				CODE_SIGN_STYLE = Automatic;
				CURRENT_PROJECT_VERSION = 1;
				DEVELOPMENT_ASSET_PATHS = "\"TwitterSwiftUIClone/Preview Content\"";
				ENABLE_PREVIEWS = YES;
				GENERATE_INFOPLIST_FILE = YES;
				INFOPLIST_KEY_UIApplicationSceneManifest_Generation = YES;
				INFOPLIST_KEY_UIApplicationSupportsIndirectInputEvents = YES;
				INFOPLIST_KEY_UILaunchScreen_Generation = YES;
				INFOPLIST_KEY_UISupportedInterfaceOrientations_iPad = "UIInterfaceOrientationPortrait UIInterfaceOrientationPortraitUpsideDown UIInterfaceOrientationLandscapeLeft UIInterfaceOrientationLandscapeRight";
				INFOPLIST_KEY_UISupportedInterfaceOrientations_iPhone = "UIInterfaceOrientationPortrait UIInterfaceOrientationLandscapeLeft UIInterfaceOrientationLandscapeRight";
				LD_RUNPATH_SEARCH_PATHS = (
					"$(inherited)",
					"@executable_path/Frameworks",
				);
				MARKETING_VERSION = 1.0;
				PRODUCT_BUNDLE_IDENTIFIER = com.tanercelik.TwitterSwiftUIClone;
				PRODUCT_NAME = "$(TARGET_NAME)";
				SWIFT_EMIT_LOC_STRINGS = YES;
				SWIFT_VERSION = 5.0;
				TARGETED_DEVICE_FAMILY = "1,2";
			};
			name = Release;
		};
/* End XCBuildConfiguration section */

/* Begin XCConfigurationList section */
		20C21B352A11684800E6D8E1 /* Build configuration list for PBXProject "TwitterSwiftUIClone" */ = {
			isa = XCConfigurationList;
			buildConfigurations = (
				20C21B462A11684900E6D8E1 /* Debug */,
				20C21B472A11684900E6D8E1 /* Release */,
			);
			defaultConfigurationIsVisible = 0;
			defaultConfigurationName = Release;
		};
		20C21B482A11684900E6D8E1 /* Build configuration list for PBXNativeTarget "TwitterSwiftUIClone" */ = {
			isa = XCConfigurationList;
			buildConfigurations = (
				20C21B492A11684900E6D8E1 /* Debug */,
				20C21B4A2A11684900E6D8E1 /* Release */,
			);
			defaultConfigurationIsVisible = 0;
			defaultConfigurationName = Release;
		};
/* End XCConfigurationList section */
	};
	rootObject = 20C21B322A11684800E6D8E1 /* Project object */;
}
